
Microsoft Visual Studio Solution File, Format Version 12.00
# Visual Studio Version 17
VisualStudioVersion = 17.3.32929.385
MinimumVisualStudioVersion = 10.0.40219.1
Project("{FAE04EC0-301F-11D3-BF4B-00C04F79EFBC}") = "CommandBindingStart", "CommandBindingStart.csproj", "{6E8EC055-7998-46DB-99F3-BC074EA81284}"
EndProject
Global
	GlobalSection(SolutionConfigurationPlatforms) = preSolution
		Debug|Any CPU = Debug|Any CPU
		Release|Any CPU = Release|Any CPU
	EndGlobalSection
	GlobalSection(ProjectConfigurationPlatforms) = postSolution
		{6E8EC055-7998-46DB-99F3-BC074EA81284}.Debug|Any CPU.ActiveCfg = Debug|Any CPU
		{6E8EC055-7998-46DB-99F3-BC074EA81284}.Debug|Any CPU.Build.0 = Debug|Any CPU
		{6E8EC055-7998-46DB-99F3-BC074EA81284}.Release|Any CPU.ActiveCfg = Release|Any CPU
		{6E8EC055-7998-46DB-99F3-BC074EA81284}.Release|Any CPU.Build.0 = Release|Any CPU
	EndGlobalSection
	GlobalSection(SolutionProperties) = preSolution
		HideSolutionNode = FALSE
	EndGlobalSection
	GlobalSection(ExtensibilityGlobals) = postSolution
		SolutionGuid = {4D6BF4C2-BDE7-4099-AD21-BACB573500AB}
	EndGlobalSection
EndGlobal
